{
  "name": "chat-app",
  "lockfileVersion": 2,
  "requires": true,
  "packages": {
    "": {
      "dependencies": {
        "react-icons": "^4.7.1",
        "react-image-lightbox": "^5.1.4",
        "react-input-emoji": "^4.3.0",
        "react-media-recorder": "^1.6.6",
        "uniqid": "^5.4.0"
      }
    },
    "node_modules/@babel/runtime": {
      "version": "7.20.6",
      "resolved": "https://registry.npmjs.org/@babel/runtime/-/runtime-7.20.6.tgz",
      "integrity": "sha512-Q+8MqP7TiHMWzSfwiJwXCjyf4GYA4Dgw3emg/7xmwsdLJOZUp+nMqcOwOzzYheuM1rhDu8FSj2l0aoMygEuXuA==",
      "dependencies": {
        "regenerator-runtime": "^0.13.11"
      },
      "engines": {
        "node": ">=6.9.0"
      }
    },
    "node_modules/automation-events": {
      "version": "4.0.25",
      "resolved": "https://registry.npmjs.org/automation-events/-/automation-events-4.0.25.tgz",
      "integrity": "sha512-er1qdVevDNfZIQt18B31GyVX/D98tI0ztZ3z/VU6PBT0hTF8Emodl8e452k2VYdoiSTvDk0xaah7MC7AfoaZfA==",
      "dependencies": {
        "@babel/runtime": "^7.20.6",
        "tslib": "^2.4.1"
      },
      "engines": {
        "node": ">=12.20.1"
      }
    },
    "node_modules/broker-factory": {
      "version": "3.0.72",
      "resolved": "https://registry.npmjs.org/broker-factory/-/broker-factory-3.0.72.tgz",
      "integrity": "sha512-HKfvpDigt19ZesuJfmC2Nlo1pV1+bGynPvF5lwPRaOl6+itfrxZx6ElsF64at2ErkiF6Ym4Oc8Xd6G6Ko0S4oQ==",
      "dependencies": {
        "@babel/runtime": "^7.20.6",
        "fast-unique-numbers": "^6.0.25",
        "tslib": "^2.4.1",
        "worker-factory": "^6.0.73"
      }
    },
    "node_modules/compilerr": {
      "version": "9.0.25",
      "resolved": "https://registry.npmjs.org/compilerr/-/compilerr-9.0.25.tgz",
      "integrity": "sha512-gtKUxVDgt7LCthVvYU3XSZ5sN5u/7PNwEjmZgT6Tu+9w2tzVPZ6Y5k8BaV+IaNU9ZTs7WAF61YDExs4178P9EQ==",
      "dependencies": {
        "@babel/runtime": "^7.20.6",
        "dashify": "^2.0.0",
        "indefinite-article": "0.0.2",
        "tslib": "^2.4.1"
      },
      "engines": {
        "node": ">=12.20.1"
      }
    },
    "node_modules/dashify": {
      "version": "2.0.0",
      "resolved": "https://registry.npmjs.org/dashify/-/dashify-2.0.0.tgz",
      "integrity": "sha512-hpA5C/YrPjucXypHPPc0oJ1l9Hf6wWbiOL7Ik42cxnsUOhWiCB/fylKbKqqJalW9FgkNQCw16YO8uW9Hs0Iy1A==",
      "engines": {
        "node": ">=4"
      }
    },
    "node_modules/emoji-mart": {
      "version": "3.0.1",
      "resolved": "https://registry.npmjs.org/emoji-mart/-/emoji-mart-3.0.1.tgz",
      "integrity": "sha512-sxpmMKxqLvcscu6mFn9ITHeZNkGzIvD0BSNFE/LJESPbCA8s1jM6bCDPjWbV31xHq7JXaxgpHxLB54RCbBZSlg==",
      "dependencies": {
        "@babel/runtime": "^7.0.0",
        "prop-types": "^15.6.0"
      },
      "peerDependencies": {
        "react": "^0.14.0 || ^15.0.0-0 || ^16.0.0 || ^17.0.0"
      }
    },
    "node_modules/exenv": {
      "version": "1.2.2",
      "resolved": "https://registry.npmjs.org/exenv/-/exenv-1.2.2.tgz",
      "integrity": "sha512-Z+ktTxTwv9ILfgKCk32OX3n/doe+OcLTRtqK9pcL+JsP3J1/VW8Uvl4ZjLlKqeW4rzK4oesDOGMEMRIZqtP4Iw=="
    },
    "node_modules/extendable-media-recorder": {
      "version": "6.6.10",
      "resolved": "https://registry.npmjs.org/extendable-media-recorder/-/extendable-media-recorder-6.6.10.tgz",
      "integrity": "sha512-gnSmLqDFq40ZdbGfuarnMLNqYPLCPpPr0p21V+g67wG4Pv2oCc/ga8sfsZrEM5GywEi7FcpyRm3z99JWZ/0aPw==",
      "dependencies": {
        "@babel/runtime": "^7.18.9",
        "media-encoder-host": "^8.0.76",
        "multi-buffer-data-view": "^3.0.20",
        "recorder-audio-worklet": "^5.1.26",
        "standardized-audio-context": "^25.3.29",
        "subscribable-things": "^2.1.6",
        "tslib": "^2.4.0"
      }
    },
    "node_modules/extendable-media-recorder-wav-encoder": {
      "version": "7.0.80",
      "resolved": "https://registry.npmjs.org/extendable-media-recorder-wav-encoder/-/extendable-media-recorder-wav-encoder-7.0.80.tgz",
      "integrity": "sha512-n1NYtDZpAkkYSgrV/g3EQQkTNjaUnbyo8wsEHDAS6132USxuv12QBITF0B3P+Nx+aaqOzZynCA3cAlUBIvE99g==",
      "dependencies": {
        "@babel/runtime": "^7.20.6",
        "extendable-media-recorder-wav-encoder-broker": "^7.0.74",
        "extendable-media-recorder-wav-encoder-worker": "^8.0.73",
        "tslib": "^2.4.1"
      }
    },
    "node_modules/extendable-media-recorder-wav-encoder-broker": {
      "version": "7.0.74",
      "resolved": "https://registry.npmjs.org/extendable-media-recorder-wav-encoder-broker/-/extendable-media-recorder-wav-encoder-broker-7.0.74.tgz",
      "integrity": "sha512-iZ3v8redR+Z9NLqbCsvhYU3pEif2B4E4GT3esvbuZ9RA7/kwjiltgq6XpIH/fG8mzC/9yzZ0rXCLTlrVJeARkA==",
      "dependencies": {
        "@babel/runtime": "^7.20.6",
        "broker-factory": "^3.0.72",
        "extendable-media-recorder-wav-encoder-worker": "^8.0.73",
        "tslib": "^2.4.1"
      }
    },
    "node_modules/extendable-media-recorder-wav-encoder-worker": {
      "version": "8.0.73",
      "resolved": "https://registry.npmjs.org/extendable-media-recorder-wav-encoder-worker/-/extendable-media-recorder-wav-encoder-worker-8.0.73.tgz",
      "integrity": "sha512-8M7JB4ttHFCqUsf6l6kEl01BoI8v8mCjCOTLmHudQ2HLdL3EEFGaCptN357NDkgQbdEMPooN8KRIUelPYEkMiA==",
      "dependencies": {
        "@babel/runtime": "^7.20.6",
        "tslib": "^2.4.1",
        "worker-factory": "^6.0.73"
      }
    },
    "node_modules/fast-unique-numbers": {
      "version": "6.0.25",
      "resolved": "https://registry.npmjs.org/fast-unique-numbers/-/fast-unique-numbers-6.0.25.tgz",
      "integrity": "sha512-H9tmI58i2VEyreK3VhCQaSAyUN733LMzhXnOcdxVWVaQIFWtoaM9pORi7h9DUgRPx6DiyvXiSb1v8MqBcfiPhg==",
      "dependencies": {
        "@babel/runtime": "^7.20.6",
        "tslib": "^2.4.1"
      },
      "engines": {
        "node": ">=12.20.1"
      }
    },
    "node_modules/indefinite-article": {
      "version": "0.0.2",
      "resolved": "https://registry.npmjs.org/indefinite-article/-/indefinite-article-0.0.2.tgz",
      "integrity": "sha512-Au/2XzRkvxq2J6w5uvSSbBKPZ5kzINx5F2wb0SF8xpRL8BP9Lav81TnRbfPp6p+SYjYxwaaLn4EUwI3/MmYKSw=="
    },
    "node_modules/js-tokens": {
      "version": "4.0.0",
      "resolved": "https://registry.npmjs.org/js-tokens/-/js-tokens-4.0.0.tgz",
      "integrity": "sha512-RdJUflcE3cUzKiMqQgsCu06FPu9UdIJO0beYbPhHN4k6apgJtifcoCtT9bcxOpYBtpD2kCM6Sbzg4CausW/PKQ=="
    },
    "node_modules/loose-envify": {
      "version": "1.4.0",
      "resolved": "https://registry.npmjs.org/loose-envify/-/loose-envify-1.4.0.tgz",
      "integrity": "sha512-lyuxPGr/Wfhrlem2CL/UcnUc1zcqKAImBDzukY7Y5F/yQiNdko6+fRLevlw1HgMySw7f611UIY408EtxRSoK3Q==",
      "dependencies": {
        "js-tokens": "^3.0.0 || ^4.0.0"
      },
      "bin": {
        "loose-envify": "cli.js"
      }
    },
    "node_modules/media-encoder-host": {
      "version": "8.0.82",
      "resolved": "https://registry.npmjs.org/media-encoder-host/-/media-encoder-host-8.0.82.tgz",
      "integrity": "sha512-wuHc9nve+VE9DInB+W1JGFNFyv6tkPS6dGvTf2mKCJs28aX2WhpEpubq87m8MQAZoMkUsbmLPSm3d1wqsDd7Sw==",
      "dependencies": {
        "@babel/runtime": "^7.20.6",
        "media-encoder-host-broker": "^7.0.74",
        "media-encoder-host-worker": "^9.0.74",
        "tslib": "^2.4.1"
      }
    },
    "node_modules/media-encoder-host-broker": {
      "version": "7.0.74",
      "resolved": "https://registry.npmjs.org/media-encoder-host-broker/-/media-encoder-host-broker-7.0.74.tgz",
      "integrity": "sha512-r1WlGo9ztAxoRNNAGO5KCbaJ2J870SdJLDkzsSRlGnhZeVAhM7SYqEiBXf5KFEp+wqQF4FOUf9Pvud1KPqN0Lw==",
      "dependencies": {
        "@babel/runtime": "^7.20.6",
        "broker-factory": "^3.0.72",
        "fast-unique-numbers": "^6.0.25",
        "media-encoder-host-worker": "^9.0.74",
        "tslib": "^2.4.1"
      }
    },
    "node_modules/media-encoder-host-worker": {
      "version": "9.0.74",
      "resolved": "https://registry.npmjs.org/media-encoder-host-worker/-/media-encoder-host-worker-9.0.74.tgz",
      "integrity": "sha512-XQ22w1URKnmKAKupHavNCJtQbjDQRv5ChLK27FnfMntcIn1hlF2DL5b1J1I7M+kYCCtU6GD1eOtonL3m4LCSzw==",
      "dependencies": {
        "@babel/runtime": "^7.20.6",
        "extendable-media-recorder-wav-encoder-broker": "^7.0.74",
        "tslib": "^2.4.1",
        "worker-factory": "^6.0.73"
      }
    },
    "node_modules/multi-buffer-data-view": {
      "version": "3.0.24",
      "resolved": "https://registry.npmjs.org/multi-buffer-data-view/-/multi-buffer-data-view-3.0.24.tgz",
      "integrity": "sha512-jm7Ycplx37ExXyQmqhwl7zfQmAj81y5LLzVx0XyWea4omP9W/xJhLEHs/5b+WojGyYSRt8BHiXZVcYzu68Ma0Q==",
      "dependencies": {
        "@babel/runtime": "^7.20.6",
        "tslib": "^2.4.1"
      },
      "engines": {
        "node": ">=12.20.1"
      }
    },
    "node_modules/object-assign": {
      "version": "4.1.1",
      "resolved": "https://registry.npmjs.org/object-assign/-/object-assign-4.1.1.tgz",
      "integrity": "sha512-rJgTQnkUnH1sFw8yT6VSU3zD3sWmu6sZhIseY8VX+GRu3P6F7Fu+JNDoXfklElbLJSnc3FUQHVe4cU5hj+BcUg==",
      "engines": {
        "node": ">=0.10.0"
      }
    },
    "node_modules/prop-types": {
      "version": "15.8.1",
      "resolved": "https://registry.npmjs.org/prop-types/-/prop-types-15.8.1.tgz",
      "integrity": "sha512-oj87CgZICdulUohogVAR7AjlC0327U4el4L6eAvOqCeudMDVU0NThNaV+b9Df4dXgSP1gXMTnPdhfe/2qDH5cg==",
      "dependencies": {
        "loose-envify": "^1.4.0",
        "object-assign": "^4.1.1",
        "react-is": "^16.13.1"
      }
    },
    "node_modules/react-icons": {
      "version": "4.7.1",
      "resolved": "https://registry.npmjs.org/react-icons/-/react-icons-4.7.1.tgz",
      "integrity": "sha512-yHd3oKGMgm7zxo3EA7H2n7vxSoiGmHk5t6Ou4bXsfcgWyhfDKMpyKfhHR6Bjnn63c+YXBLBPUql9H4wPJM6sXw==",
      "peerDependencies": {
        "react": "*"
      }
    },
    "node_modules/react-image-lightbox": {
      "version": "5.1.4",
      "resolved": "https://registry.npmjs.org/react-image-lightbox/-/react-image-lightbox-5.1.4.tgz",
      "integrity": "sha512-kTiAODz091bgT7SlWNHab0LSMZAPJtlNWDGKv7pLlLY1krmf7FuG1zxE0wyPpeA8gPdwfr3cu6sPwZRqWsc3Eg==",
      "deprecated": "Package no longer supported. Contact Support at https://www.npmjs.com/support for more info.",
      "dependencies": {
        "prop-types": "^15.7.2",
        "react-modal": "^3.11.1"
      },
      "peerDependencies": {
        "react": "16.x || 17.x",
        "react-dom": "16.x || 17.x"
      }
    },
    "node_modules/react-input-emoji": {
      "version": "4.3.0",
      "resolved": "https://registry.npmjs.org/react-input-emoji/-/react-input-emoji-4.3.0.tgz",
      "integrity": "sha512-SYg+iJcaFMs7A3zjX/lLxiwGO9jutb0IAFRjYGX7mT3qFmYa/NYSsu6irm2RPFedqsat4nZi/VH4uhpx8N2PLw==",
      "dependencies": {
        "emoji-mart": "3.0.1"
      },
      "engines": {
        "node": ">=8",
        "npm": ">=5"
      },
      "peerDependencies": {
        "prop-types": ">=15.7.2",
        "react": ">=17.0.x",
        "react-dom": ">=17.0.x"
      }
    },
    "node_modules/react-is": {
      "version": "16.13.1",
      "resolved": "https://registry.npmjs.org/react-is/-/react-is-16.13.1.tgz",
      "integrity": "sha512-24e6ynE2H+OKt4kqsOvNd8kBpV65zoxbA4BVsEOB3ARVWQki/DHzaUoC5KuON/BiccDaCCTZBuOcfZs70kR8bQ=="
    },
    "node_modules/react-lifecycles-compat": {
      "version": "3.0.4",
      "resolved": "https://registry.npmjs.org/react-lifecycles-compat/-/react-lifecycles-compat-3.0.4.tgz",
      "integrity": "sha512-fBASbA6LnOU9dOU2eW7aQ8xmYBSXUIWr+UmF9b1efZBazGNO+rcXT/icdKnYm2pTwcRylVUYwW7H1PHfLekVzA=="
    },
    "node_modules/react-media-recorder": {
      "version": "1.6.6",
      "resolved": "https://registry.npmjs.org/react-media-recorder/-/react-media-recorder-1.6.6.tgz",
      "integrity": "sha512-VdC4bUINMWJyqOAHw1DaZ8HZhdCyVBK85zJ4cHMo9tsrekui3wq5ZxNtBmNe6nbAFQBTNj/pRnLEsiVrCW+TNQ==",
      "dependencies": {
        "extendable-media-recorder": "^6.6.5",
        "extendable-media-recorder-wav-encoder": "^7.0.68"
      }
    },
    "node_modules/react-modal": {
      "version": "3.16.1",
      "resolved": "https://registry.npmjs.org/react-modal/-/react-modal-3.16.1.tgz",
      "integrity": "sha512-VStHgI3BVcGo7OXczvnJN7yT2TWHJPDXZWyI/a0ssFNhGZWsPmB8cF0z33ewDXq4VfYMO1vXgiv/g8Nj9NDyWg==",
      "dependencies": {
        "exenv": "^1.2.0",
        "prop-types": "^15.7.2",
        "react-lifecycles-compat": "^3.0.0",
        "warning": "^4.0.3"
      },
      "engines": {
        "node": ">=8"
      },
      "peerDependencies": {
        "react": "^0.14.0 || ^15.0.0 || ^16 || ^17 || ^18",
        "react-dom": "^0.14.0 || ^15.0.0 || ^16 || ^17 || ^18"
      }
    },
    "node_modules/recorder-audio-worklet": {
      "version": "5.1.34",
      "resolved": "https://registry.npmjs.org/recorder-audio-worklet/-/recorder-audio-worklet-5.1.34.tgz",
      "integrity": "sha512-7nP2Xv7e8WpJ5qFYPw+Jwv5Xwz2CT39esFnrWWBaATrtiD6/gMmu7++ZTqjeI3v7VVewPiUMUIs9y6kj1sLbfw==",
      "dependencies": {
        "@babel/runtime": "^7.20.6",
        "broker-factory": "^3.0.72",
        "fast-unique-numbers": "^6.0.25",
        "recorder-audio-worklet-processor": "^4.2.18",
        "standardized-audio-context": "^25.3.36",
        "subscribable-things": "^2.1.11",
        "tslib": "^2.4.1",
        "worker-factory": "^6.0.73"
      }
    },
    "node_modules/recorder-audio-worklet-processor": {
      "version": "4.2.18",
      "resolved": "https://registry.npmjs.org/recorder-audio-worklet-processor/-/recorder-audio-worklet-processor-4.2.18.tgz",
      "integrity": "sha512-rL4WErQfKGlFL5Zk1g6G92sNEciumGEKcsObmQJ3Nqt9RXvud72LFpW+OjzmT5dafUwtT4gPnD/5YngqIQe67w==",
      "dependencies": {
        "@babel/runtime": "^7.20.6",
        "tslib": "^2.4.1"
      }
    },
    "node_modules/regenerator-runtime": {
      "version": "0.13.11",
      "resolved": "https://registry.npmjs.org/regenerator-runtime/-/regenerator-runtime-0.13.11.tgz",
      "integrity": "sha512-kY1AZVr2Ra+t+piVaJ4gxaFaReZVH40AKNo7UCX6W+dEwBo/2oZJzqfuN1qLq1oL45o56cPaTXELwrTh8Fpggg=="
    },
    "node_modules/rxjs-interop": {
      "version": "2.0.0",
      "resolved": "https://registry.npmjs.org/rxjs-interop/-/rxjs-interop-2.0.0.tgz",
      "integrity": "sha512-ASEq9atUw7lualXB+knvgtvwkCEvGWV2gDD/8qnASzBkzEARZck9JAyxmY8OS6Nc1pCPEgDTKNcx+YqqYfzArw=="
    },
    "node_modules/standardized-audio-context": {
      "version": "25.3.36",
      "resolved": "https://registry.npmjs.org/standardized-audio-context/-/standardized-audio-context-25.3.36.tgz",
      "integrity": "sha512-I3+jpIQP2PdGDrAx9Cf4/atC92PbJt+ejLUA/mwBx3OgyEStKC57D/wTce2K3PeJBbXJ0w//I99PZTBJrpxg/A==",
      "dependencies": {
        "@babel/runtime": "^7.20.6",
        "automation-events": "^4.0.25",
        "tslib": "^2.4.1"
      }
    },
    "node_modules/subscribable-things": {
      "version": "2.1.11",
      "resolved": "https://registry.npmjs.org/subscribable-things/-/subscribable-things-2.1.11.tgz",
      "integrity": "sha512-Bxjb818jzmbUyq1Kq+yGma1xPYJnTAPksJKd7nEbth2teMgQUnah4FOMhpjfonp1k5WASd/JwzXn3OhvqYQnbQ==",
      "dependencies": {
        "@babel/runtime": "^7.20.6",
        "rxjs-interop": "^2.0.0",
        "tslib": "^2.4.1"
      }
    },
    "node_modules/tslib": {
      "version": "2.4.1",
      "resolved": "https://registry.npmjs.org/tslib/-/tslib-2.4.1.tgz",
      "integrity": "sha512-tGyy4dAjRIEwI7BzsB0lynWgOpfqjUdq91XXAlIWD2OwKBH7oCl/GZG/HT4BOHrTlPMOASlMQ7veyTqpmRcrNA=="
    },
    "node_modules/uniqid": {
      "version": "5.4.0",
      "resolved": "https://registry.npmjs.org/uniqid/-/uniqid-5.4.0.tgz",
      "integrity": "sha512-38JRbJ4Fj94VmnC7G/J/5n5SC7Ab46OM5iNtSstB/ko3l1b5g7ALt4qzHFgGciFkyiRNtDXtLNb+VsxtMSE77A=="
    },
    "node_modules/warning": {
      "version": "4.0.3",
      "resolved": "https://registry.npmjs.org/warning/-/warning-4.0.3.tgz",
      "integrity": "sha512-rpJyN222KWIvHJ/F53XSZv0Zl/accqHR8et1kpaMTD/fLCRxtV8iX8czMzY7sVZupTI3zcUTg8eycS2kNF9l6w==",
      "dependencies": {
        "loose-envify": "^1.0.0"
      }
    },
    "node_modules/worker-factory": {
      "version": "6.0.73",
      "resolved": "https://registry.npmjs.org/worker-factory/-/worker-factory-6.0.73.tgz",
      "integrity": "sha512-DSUmbHD1R7sdGTPcTooSQWN9q+vZnj4Axn6s9bel9xBqilLtnnHxfm/IrwyS06FV11v7NSkSh+0Wfsv4sWHbow==",
      "dependencies": {
        "@babel/runtime": "^7.20.6",
        "compilerr": "^9.0.25",
        "fast-unique-numbers": "^6.0.25",
        "tslib": "^2.4.1"
      }
    }
  },
  "dependencies": {
    "@babel/runtime": {
      "version": "7.20.6",
      "resolved": "https://registry.npmjs.org/@babel/runtime/-/runtime-7.20.6.tgz",
      "integrity": "sha512-Q+8MqP7TiHMWzSfwiJwXCjyf4GYA4Dgw3emg/7xmwsdLJOZUp+nMqcOwOzzYheuM1rhDu8FSj2l0aoMygEuXuA==",
      "requires": {
        "regenerator-runtime": "^0.13.11"
      }
    },
    "automation-events": {
      "version": "4.0.25",
      "resolved": "https://registry.npmjs.org/automation-events/-/automation-events-4.0.25.tgz",
      "integrity": "sha512-er1qdVevDNfZIQt18B31GyVX/D98tI0ztZ3z/VU6PBT0hTF8Emodl8e452k2VYdoiSTvDk0xaah7MC7AfoaZfA==",
      "requires": {
        "@babel/runtime": "^7.20.6",
        "tslib": "^2.4.1"
      }
    },
    "broker-factory": {
      "version": "3.0.72",
      "resolved": "https://registry.npmjs.org/broker-factory/-/broker-factory-3.0.72.tgz",
      "integrity": "sha512-HKfvpDigt19ZesuJfmC2Nlo1pV1+bGynPvF5lwPRaOl6+itfrxZx6ElsF64at2ErkiF6Ym4Oc8Xd6G6Ko0S4oQ==",
      "requires": {
        "@babel/runtime": "^7.20.6",
        "fast-unique-numbers": "^6.0.25",
        "tslib": "^2.4.1",
        "worker-factory": "^6.0.73"
      }
    },
    "compilerr": {
      "version": "9.0.25",
      "resolved": "https://registry.npmjs.org/compilerr/-/compilerr-9.0.25.tgz",
      "integrity": "sha512-gtKUxVDgt7LCthVvYU3XSZ5sN5u/7PNwEjmZgT6Tu+9w2tzVPZ6Y5k8BaV+IaNU9ZTs7WAF61YDExs4178P9EQ==",
      "requires": {
        "@babel/runtime": "^7.20.6",
        "dashify": "^2.0.0",
        "indefinite-article": "0.0.2",
        "tslib": "^2.4.1"
      }
    },
    "dashify": {
      "version": "2.0.0",
      "resolved": "https://registry.npmjs.org/dashify/-/dashify-2.0.0.tgz",
      "integrity": "sha512-hpA5C/YrPjucXypHPPc0oJ1l9Hf6wWbiOL7Ik42cxnsUOhWiCB/fylKbKqqJalW9FgkNQCw16YO8uW9Hs0Iy1A=="
    },
    "emoji-mart": {
      "version": "3.0.1",
      "resolved": "https://registry.npmjs.org/emoji-mart/-/emoji-mart-3.0.1.tgz",
      "integrity": "sha512-sxpmMKxqLvcscu6mFn9ITHeZNkGzIvD0BSNFE/LJESPbCA8s1jM6bCDPjWbV31xHq7JXaxgpHxLB54RCbBZSlg==",
      "requires": {
        "@babel/runtime": "^7.0.0",
        "prop-types": "^15.6.0"
      }
    },
    "exenv": {
      "version": "1.2.2",
      "resolved": "https://registry.npmjs.org/exenv/-/exenv-1.2.2.tgz",
      "integrity": "sha512-Z+ktTxTwv9ILfgKCk32OX3n/doe+OcLTRtqK9pcL+JsP3J1/VW8Uvl4ZjLlKqeW4rzK4oesDOGMEMRIZqtP4Iw=="
    },
    "extendable-media-recorder": {
      "version": "6.6.10",
      "resolved": "https://registry.npmjs.org/extendable-media-recorder/-/extendable-media-recorder-6.6.10.tgz",
      "integrity": "sha512-gnSmLqDFq40ZdbGfuarnMLNqYPLCPpPr0p21V+g67wG4Pv2oCc/ga8sfsZrEM5GywEi7FcpyRm3z99JWZ/0aPw==",
      "requires": {
        "@babel/runtime": "^7.18.9",
        "media-encoder-host": "^8.0.76",
        "multi-buffer-data-view": "^3.0.20",
        "recorder-audio-worklet": "^5.1.26",
        "standardized-audio-context": "^25.3.29",
        "subscribable-things": "^2.1.6",
        "tslib": "^2.4.0"
      }
    },
    "extendable-media-recorder-wav-encoder": {
      "version": "7.0.80",
      "resolved": "https://registry.npmjs.org/extendable-media-recorder-wav-encoder/-/extendable-media-recorder-wav-encoder-7.0.80.tgz",
      "integrity": "sha512-n1NYtDZpAkkYSgrV/g3EQQkTNjaUnbyo8wsEHDAS6132USxuv12QBITF0B3P+Nx+aaqOzZynCA3cAlUBIvE99g==",
      "requires": {
        "@babel/runtime": "^7.20.6",
        "extendable-media-recorder-wav-encoder-broker": "^7.0.74",
        "extendable-media-recorder-wav-encoder-worker": "^8.0.73",
        "tslib": "^2.4.1"
      }
    },
    "extendable-media-recorder-wav-encoder-broker": {
      "version": "7.0.74",
      "resolved": "https://registry.npmjs.org/extendable-media-recorder-wav-encoder-broker/-/extendable-media-recorder-wav-encoder-broker-7.0.74.tgz",
      "integrity": "sha512-iZ3v8redR+Z9NLqbCsvhYU3pEif2B4E4GT3esvbuZ9RA7/kwjiltgq6XpIH/fG8mzC/9yzZ0rXCLTlrVJeARkA==",
      "requires": {
        "@babel/runtime": "^7.20.6",
        "broker-factory": "^3.0.72",
        "extendable-media-recorder-wav-encoder-worker": "^8.0.73",
        "tslib": "^2.4.1"
      }
    },
    "extendable-media-recorder-wav-encoder-worker": {
      "version": "8.0.73",
      "resolved": "https://registry.npmjs.org/extendable-media-recorder-wav-encoder-worker/-/extendable-media-recorder-wav-encoder-worker-8.0.73.tgz",
      "integrity": "sha512-8M7JB4ttHFCqUsf6l6kEl01BoI8v8mCjCOTLmHudQ2HLdL3EEFGaCptN357NDkgQbdEMPooN8KRIUelPYEkMiA==",
      "requires": {
        "@babel/runtime": "^7.20.6",
        "tslib": "^2.4.1",
        "worker-factory": "^6.0.73"
      }
    },
    "fast-unique-numbers": {
      "version": "6.0.25",
      "resolved": "https://registry.npmjs.org/fast-unique-numbers/-/fast-unique-numbers-6.0.25.tgz",
      "integrity": "sha512-H9tmI58i2VEyreK3VhCQaSAyUN733LMzhXnOcdxVWVaQIFWtoaM9pORi7h9DUgRPx6DiyvXiSb1v8MqBcfiPhg==",
      "requires": {
        "@babel/runtime": "^7.20.6",
        "tslib": "^2.4.1"
      }
    },
    "indefinite-article": {
      "version": "0.0.2",
      "resolved": "https://registry.npmjs.org/indefinite-article/-/indefinite-article-0.0.2.tgz",
      "integrity": "sha512-Au/2XzRkvxq2J6w5uvSSbBKPZ5kzINx5F2wb0SF8xpRL8BP9Lav81TnRbfPp6p+SYjYxwaaLn4EUwI3/MmYKSw=="
    },
    "js-tokens": {
      "version": "4.0.0",
      "resolved": "https://registry.npmjs.org/js-tokens/-/js-tokens-4.0.0.tgz",
      "integrity": "sha512-RdJUflcE3cUzKiMqQgsCu06FPu9UdIJO0beYbPhHN4k6apgJtifcoCtT9bcxOpYBtpD2kCM6Sbzg4CausW/PKQ=="
    },
    "loose-envify": {
      "version": "1.4.0",
      "resolved": "https://registry.npmjs.org/loose-envify/-/loose-envify-1.4.0.tgz",
      "integrity": "sha512-lyuxPGr/Wfhrlem2CL/UcnUc1zcqKAImBDzukY7Y5F/yQiNdko6+fRLevlw1HgMySw7f611UIY408EtxRSoK3Q==",
      "requires": {
        "js-tokens": "^3.0.0 || ^4.0.0"
      }
    },
    "media-encoder-host": {
      "version": "8.0.82",
      "resolved": "https://registry.npmjs.org/media-encoder-host/-/media-encoder-host-8.0.82.tgz",
      "integrity": "sha512-wuHc9nve+VE9DInB+W1JGFNFyv6tkPS6dGvTf2mKCJs28aX2WhpEpubq87m8MQAZoMkUsbmLPSm3d1wqsDd7Sw==",
      "requires": {
        "@babel/runtime": "^7.20.6",
        "media-encoder-host-broker": "^7.0.74",
        "media-encoder-host-worker": "^9.0.74",
        "tslib": "^2.4.1"
      }
    },
    "media-encoder-host-broker": {
      "version": "7.0.74",
      "resolved": "https://registry.npmjs.org/media-encoder-host-broker/-/media-encoder-host-broker-7.0.74.tgz",
      "integrity": "sha512-r1WlGo9ztAxoRNNAGO5KCbaJ2J870SdJLDkzsSRlGnhZeVAhM7SYqEiBXf5KFEp+wqQF4FOUf9Pvud1KPqN0Lw==",
      "requires": {
        "@babel/runtime": "^7.20.6",
        "broker-factory": "^3.0.72",
        "fast-unique-numbers": "^6.0.25",
        "media-encoder-host-worker": "^9.0.74",
        "tslib": "^2.4.1"
      }
    },
    "media-encoder-host-worker": {
      "version": "9.0.74",
      "resolved": "https://registry.npmjs.org/media-encoder-host-worker/-/media-encoder-host-worker-9.0.74.tgz",
      "integrity": "sha512-XQ22w1URKnmKAKupHavNCJtQbjDQRv5ChLK27FnfMntcIn1hlF2DL5b1J1I7M+kYCCtU6GD1eOtonL3m4LCSzw==",
      "requires": {
        "@babel/runtime": "^7.20.6",
        "extendable-media-recorder-wav-encoder-broker": "^7.0.74",
        "tslib": "^2.4.1",
        "worker-factory": "^6.0.73"
      }
    },
    "multi-buffer-data-view": {
      "version": "3.0.24",
      "resolved": "https://registry.npmjs.org/multi-buffer-data-view/-/multi-buffer-data-view-3.0.24.tgz",
      "integrity": "sha512-jm7Ycplx37ExXyQmqhwl7zfQmAj81y5LLzVx0XyWea4omP9W/xJhLEHs/5b+WojGyYSRt8BHiXZVcYzu68Ma0Q==",
      "requires": {
        "@babel/runtime": "^7.20.6",
        "tslib": "^2.4.1"
      }
    },
    "object-assign": {
      "version": "4.1.1",
      "resolved": "https://registry.npmjs.org/object-assign/-/object-assign-4.1.1.tgz",
      "integrity": "sha512-rJgTQnkUnH1sFw8yT6VSU3zD3sWmu6sZhIseY8VX+GRu3P6F7Fu+JNDoXfklElbLJSnc3FUQHVe4cU5hj+BcUg=="
    },
    "prop-types": {
      "version": "15.8.1",
      "resolved": "https://registry.npmjs.org/prop-types/-/prop-types-15.8.1.tgz",
      "integrity": "sha512-oj87CgZICdulUohogVAR7AjlC0327U4el4L6eAvOqCeudMDVU0NThNaV+b9Df4dXgSP1gXMTnPdhfe/2qDH5cg==",
      "requires": {
        "loose-envify": "^1.4.0",
        "object-assign": "^4.1.1",
        "react-is": "^16.13.1"
      }
    },
    "react-icons": {
      "version": "4.7.1",
      "resolved": "https://registry.npmjs.org/react-icons/-/react-icons-4.7.1.tgz",
      "integrity": "sha512-yHd3oKGMgm7zxo3EA7H2n7vxSoiGmHk5t6Ou4bXsfcgWyhfDKMpyKfhHR6Bjnn63c+YXBLBPUql9H4wPJM6sXw=="
    },
    "react-image-lightbox": {
      "version": "5.1.4",
      "resolved": "https://registry.npmjs.org/react-image-lightbox/-/react-image-lightbox-5.1.4.tgz",
      "integrity": "sha512-kTiAODz091bgT7SlWNHab0LSMZAPJtlNWDGKv7pLlLY1krmf7FuG1zxE0wyPpeA8gPdwfr3cu6sPwZRqWsc3Eg==",
      "requires": {
        "prop-types": "^15.7.2",
        "react-modal": "^3.11.1"
      }
    },
    "react-input-emoji": {
      "version": "4.3.0",
      "resolved": "https://registry.npmjs.org/react-input-emoji/-/react-input-emoji-4.3.0.tgz",
      "integrity": "sha512-SYg+iJcaFMs7A3zjX/lLxiwGO9jutb0IAFRjYGX7mT3qFmYa/NYSsu6irm2RPFedqsat4nZi/VH4uhpx8N2PLw==",
      "requires": {
        "emoji-mart": "3.0.1"
      }
    },
    "react-is": {
      "version": "16.13.1",
      "resolved": "https://registry.npmjs.org/react-is/-/react-is-16.13.1.tgz",
      "integrity": "sha512-24e6ynE2H+OKt4kqsOvNd8kBpV65zoxbA4BVsEOB3ARVWQki/DHzaUoC5KuON/BiccDaCCTZBuOcfZs70kR8bQ=="
    },
    "react-lifecycles-compat": {
      "version": "3.0.4",
      "resolved": "https://registry.npmjs.org/react-lifecycles-compat/-/react-lifecycles-compat-3.0.4.tgz",
      "integrity": "sha512-fBASbA6LnOU9dOU2eW7aQ8xmYBSXUIWr+UmF9b1efZBazGNO+rcXT/icdKnYm2pTwcRylVUYwW7H1PHfLekVzA=="
    },
    "react-media-recorder": {
      "version": "1.6.6",
      "resolved": "https://registry.npmjs.org/react-media-recorder/-/react-media-recorder-1.6.6.tgz",
      "integrity": "sha512-VdC4bUINMWJyqOAHw1DaZ8HZhdCyVBK85zJ4cHMo9tsrekui3wq5ZxNtBmNe6nbAFQBTNj/pRnLEsiVrCW+TNQ==",
      "requires": {
        "extendable-media-recorder": "^6.6.5",
        "extendable-media-recorder-wav-encoder": "^7.0.68"
      }
    },
    "react-modal": {
      "version": "3.16.1",
      "resolved": "https://registry.npmjs.org/react-modal/-/react-modal-3.16.1.tgz",
      "integrity": "sha512-VStHgI3BVcGo7OXczvnJN7yT2TWHJPDXZWyI/a0ssFNhGZWsPmB8cF0z33ewDXq4VfYMO1vXgiv/g8Nj9NDyWg==",
      "requires": {
        "exenv": "^1.2.0",
        "prop-types": "^15.7.2",
        "react-lifecycles-compat": "^3.0.0",
        "warning": "^4.0.3"
      }
    },
    "recorder-audio-worklet": {
      "version": "5.1.34",
      "resolved": "https://registry.npmjs.org/recorder-audio-worklet/-/recorder-audio-worklet-5.1.34.tgz",
      "integrity": "sha512-7nP2Xv7e8WpJ5qFYPw+Jwv5Xwz2CT39esFnrWWBaATrtiD6/gMmu7++ZTqjeI3v7VVewPiUMUIs9y6kj1sLbfw==",
      "requires": {
        "@babel/runtime": "^7.20.6",
        "broker-factory": "^3.0.72",
        "fast-unique-numbers": "^6.0.25",
        "recorder-audio-worklet-processor": "^4.2.18",
        "standardized-audio-context": "^25.3.36",
        "subscribable-things": "^2.1.11",
        "tslib": "^2.4.1",
        "worker-factory": "^6.0.73"
      }
    },
    "recorder-audio-worklet-processor": {
      "version": "4.2.18",
      "resolved": "https://registry.npmjs.org/recorder-audio-worklet-processor/-/recorder-audio-worklet-processor-4.2.18.tgz",
      "integrity": "sha512-rL4WErQfKGlFL5Zk1g6G92sNEciumGEKcsObmQJ3Nqt9RXvud72LFpW+OjzmT5dafUwtT4gPnD/5YngqIQe67w==",
      "requires": {
        "@babel/runtime": "^7.20.6",
        "tslib": "^2.4.1"
      }
    },
    "regenerator-runtime": {
      "version": "0.13.11",
      "resolved": "https://registry.npmjs.org/regenerator-runtime/-/regenerator-runtime-0.13.11.tgz",
      "integrity": "sha512-kY1AZVr2Ra+t+piVaJ4gxaFaReZVH40AKNo7UCX6W+dEwBo/2oZJzqfuN1qLq1oL45o56cPaTXELwrTh8Fpggg=="
    },
    "rxjs-interop": {
      "version": "2.0.0",
      "resolved": "https://registry.npmjs.org/rxjs-interop/-/rxjs-interop-2.0.0.tgz",
      "integrity": "sha512-ASEq9atUw7lualXB+knvgtvwkCEvGWV2gDD/8qnASzBkzEARZck9JAyxmY8OS6Nc1pCPEgDTKNcx+YqqYfzArw=="
    },
    "standardized-audio-context": {
      "version": "25.3.36",
      "resolved": "https://registry.npmjs.org/standardized-audio-context/-/standardized-audio-context-25.3.36.tgz",
      "integrity": "sha512-I3+jpIQP2PdGDrAx9Cf4/atC92PbJt+ejLUA/mwBx3OgyEStKC57D/wTce2K3PeJBbXJ0w//I99PZTBJrpxg/A==",
      "requires": {
        "@babel/runtime": "^7.20.6",
        "automation-events": "^4.0.25",
        "tslib": "^2.4.1"
      }
    },
    "subscribable-things": {
      "version": "2.1.11",
      "resolved": "https://registry.npmjs.org/subscribable-things/-/subscribable-things-2.1.11.tgz",
      "integrity": "sha512-Bxjb818jzmbUyq1Kq+yGma1xPYJnTAPksJKd7nEbth2teMgQUnah4FOMhpjfonp1k5WASd/JwzXn3OhvqYQnbQ==",
      "requires": {
        "@babel/runtime": "^7.20.6",
        "rxjs-interop": "^2.0.0",
        "tslib": "^2.4.1"
      }
    },
    "tslib": {
      "version": "2.4.1",
      "resolved": "https://registry.npmjs.org/tslib/-/tslib-2.4.1.tgz",
      "integrity": "sha512-tGyy4dAjRIEwI7BzsB0lynWgOpfqjUdq91XXAlIWD2OwKBH7oCl/GZG/HT4BOHrTlPMOASlMQ7veyTqpmRcrNA=="
    },
    "uniqid": {
      "version": "5.4.0",
      "resolved": "https://registry.npmjs.org/uniqid/-/uniqid-5.4.0.tgz",
      "integrity": "sha512-38JRbJ4Fj94VmnC7G/J/5n5SC7Ab46OM5iNtSstB/ko3l1b5g7ALt4qzHFgGciFkyiRNtDXtLNb+VsxtMSE77A=="
    },
    "warning": {
      "version": "4.0.3",
      "resolved": "https://registry.npmjs.org/warning/-/warning-4.0.3.tgz",
      "integrity": "sha512-rpJyN222KWIvHJ/F53XSZv0Zl/accqHR8et1kpaMTD/fLCRxtV8iX8czMzY7sVZupTI3zcUTg8eycS2kNF9l6w==",
      "requires": {
        "loose-envify": "^1.0.0"
      }
    },
    "worker-factory": {
      "version": "6.0.73",
      "resolved": "https://registry.npmjs.org/worker-factory/-/worker-factory-6.0.73.tgz",
      "integrity": "sha512-DSUmbHD1R7sdGTPcTooSQWN9q+vZnj4Axn6s9bel9xBqilLtnnHxfm/IrwyS06FV11v7NSkSh+0Wfsv4sWHbow==",
      "requires": {
        "@babel/runtime": "^7.20.6",
        "compilerr": "^9.0.25",
        "fast-unique-numbers": "^6.0.25",
        "tslib": "^2.4.1"
      }
    }
  }
}
